// !$*UTF8*$!
{
	archiveVersion = 1;
	classes = {
	};
	objectVersion = 46;
	objects = {

/* Begin PBXBuildFile section */
		9765C10F1F6BFFBB009EC120 /* AppDelegate.swift in Sources */ = {isa = PBXBuildFile; fileRef = 9765C10E1F6BFFBB009EC120 /* AppDelegate.swift */; };
		9765C1111F6BFFBB009EC120 /* IntroductionViewController.swift in Sources */ = {isa = PBXBuildFile; fileRef = 9765C1101F6BFFBB009EC120 /* IntroductionViewController.swift */; };
		9765C1141F6BFFBB009EC120 /* Main.storyboard in Resources */ = {isa = PBXBuildFile; fileRef = 9765C1121F6BFFBB009EC120 /* Main.storyboard */; };
		9765C1161F6BFFBB009EC120 /* Assets.xcassets in Resources */ = {isa = PBXBuildFile; fileRef = 9765C1151F6BFFBB009EC120 /* Assets.xcassets */; };
		9765C1191F6BFFBB009EC120 /* LaunchScreen.storyboard in Resources */ = {isa = PBXBuildFile; fileRef = 9765C1171F6BFFBB009EC120 /* LaunchScreen.storyboard */; };
		9765C1211F6C04D9009EC120 /* QuestionViewController.swift in Sources */ = {isa = PBXBuildFile; fileRef = 9765C1201F6C04D9009EC120 /* QuestionViewController.swift */; };
		9765C1231F6C04FB009EC120 /* ResultsViewController.swift in Sources */ = {isa = PBXBuildFile; fileRef = 9765C1221F6C04FB009EC120 /* ResultsViewController.swift */; };
		9765C1251F6C0817009EC120 /* QuestionData.swift in Sources */ = {isa = PBXBuildFile; fileRef = 9765C1241F6C0817009EC120 /* QuestionData.swift */; };
		9765C1271F72BD9C009EC120 /* Animal.swift in Sources */ = {isa = PBXBuildFile; fileRef = 9765C1261F72BD9C009EC120 /* Animal.swift */; };
/* End PBXBuildFile section */

/* Begin PBXFileReference section */
		9765C10B1F6BFFBB009EC120 /* PersonalityQuiz.app */ = {isa = PBXFileReference; explicitFileType = wrapper.application; includeInIndex = 0; path = PersonalityQuiz.app; sourceTree = BUILT_PRODUCTS_DIR; };
		9765C10E1F6BFFBB009EC120 /* AppDelegate.swift */ = {isa = PBXFileReference; lastKnownFileType = sourcecode.swift; path = AppDelegate.swift; sourceTree = "<group>"; };
		9765C1101F6BFFBB009EC120 /* IntroductionViewController.swift */ = {isa = PBXFileReference; lastKnownFileType = sourcecode.swift; path = IntroductionViewController.swift; sourceTree = "<group>"; };
		9765C1131F6BFFBB009EC120 /* Base */ = {isa = PBXFileReference; lastKnownFileType = file.storyboard; name = Base; path = Base.lproj/Main.storyboard; sourceTree = "<group>"; };
		9765C1151F6BFFBB009EC120 /* Assets.xcassets */ = {isa = PBXFileReference; lastKnownFileType = folder.assetcatalog; path = Assets.xcassets; sourceTree = "<group>"; };
		9765C1181F6BFFBB009EC120 /* Base */ = {isa = PBXFileReference; lastKnownFileType = file.storyboard; name = Base; path = Base.lproj/LaunchScreen.storyboard; sourceTree = "<group>"; };
		9765C11A1F6BFFBB009EC120 /* Info.plist */ = {isa = PBXFileReference; lastKnownFileType = text.plist.xml; path = Info.plist; sourceTree = "<group>"; };
		9765C1201F6C04D9009EC120 /* QuestionViewController.swift */ = {isa = PBXFileReference; fileEncoding = 4; lastKnownFileType = sourcecode.swift; path = QuestionViewController.swift; sourceTree = "<group>"; };
		9765C1221F6C04FB009EC120 /* ResultsViewController.swift */ = {isa = PBXFileReference; fileEncoding = 4; lastKnownFileType = sourcecode.swift; path = ResultsViewController.swift; sourceTree = "<group>"; };
		9765C1241F6C0817009EC120 /* QuestionData.swift */ = {isa = PBXFileReference; fileEncoding = 4; lastKnownFileType = sourcecode.swift; path = QuestionData.swift; sourceTree = "<group>"; };
		9765C1261F72BD9C009EC120 /* Animal.swift */ = {isa = PBXFileReference; fileEncoding = 4; lastKnownFileType = sourcecode.swift; path = Animal.swift; sourceTree = "<group>"; };
/* End PBXFileReference section */

/* Begin PBXFrameworksBuildPhase section */
		9765C1081F6BFFBB009EC120 /* Frameworks */ = {
			isa = PBXFrameworksBuildPhase;
			buildActionMask = 2147483647;
			files = (
			);
			runOnlyForDeploymentPostprocessing = 0;
		};
/* End PBXFrameworksBuildPhase section */

/* Begin PBXGroup section */
		9765C1021F6BFFBB009EC120 = {
			isa = PBXGroup;
			children = (
				9765C10D1F6BFFBB009EC120 /* PersonalityQuiz */,
				9765C10C1F6BFFBB009EC120 /* Products */,
			);
			sourceTree = "<group>";
		};
		9765C10C1F6BFFBB009EC120 /* Products */ = {
			isa = PBXGroup;
			children = (
				9765C10B1F6BFFBB009EC120 /* PersonalityQuiz.app */,
			);
			name = Products;
			sourceTree = "<group>";
		};
		9765C10D1F6BFFBB009EC120 /* PersonalityQuiz */ = {
			isa = PBXGroup;
			children = (
				9765C10E1F6BFFBB009EC120 /* AppDelegate.swift */,
				9765C1121F6BFFBB009EC120 /* Main.storyboard */,
				9765C1241F6C0817009EC120 /* QuestionData.swift */,
				9765C1261F72BD9C009EC120 /* Animal.swift */,
				9765C1101F6BFFBB009EC120 /* IntroductionViewController.swift */,
				9765C1201F6C04D9009EC120 /* QuestionViewController.swift */,
				9765C1221F6C04FB009EC120 /* ResultsViewController.swift */,
				9765C1151F6BFFBB009EC120 /* Assets.xcassets */,
				9765C1171F6BFFBB009EC120 /* LaunchScreen.storyboard */,
				9765C11A1F6BFFBB009EC120 /* Info.plist */,
			);
			path = PersonalityQuiz;
			sourceTree = "<group>";
		};
/* End PBXGroup section */

/* Begin PBXNativeTarget section */
		9765C10A1F6BFFBB009EC120 /* PersonalityQuiz */ = {
			isa = PBXNativeTarget;
			buildConfigurationList = 9765C11D1F6BFFBB009EC120 /* Build configuration list for PBXNativeTarget "PersonalityQuiz" */;
			buildPhases = (
				9765C1071F6BFFBB009EC120 /* Sources */,
				9765C1081F6BFFBB009EC120 /* Frameworks */,
				9765C1091F6BFFBB009EC120 /* Resources */,
			);
			buildRules = (
			);
			dependencies = (
			);
			name = PersonalityQuiz;
			productName = PersonalityQuiz;
			productReference = 9765C10B1F6BFFBB009EC120 /* PersonalityQuiz.app */;
			productType = "com.apple.product-type.application";
		};
/* End PBXNativeTarget section */

/* Begin PBXProject section */
		9765C1031F6BFFBB009EC120 /* Project object */ = {
			isa = PBXProject;
			attributes = {
				LastSwiftUpdateCheck = 0830;
				LastUpgradeCheck = 0900;
				ORGANIZATIONNAME = "Katrin Obendrauf";
				TargetAttributes = {
					9765C10A1F6BFFBB009EC120 = {
						CreatedOnToolsVersion = 8.3.3;
						DevelopmentTeam = 89MQE5D6ZC;
						LastSwiftMigration = 0900;
						ProvisioningStyle = Automatic;
					};
				};
			};
			buildConfigurationList = 9765C1061F6BFFBB009EC120 /* Build configuration list for PBXProject "PersonalityQuiz" */;
			compatibilityVersion = "Xcode 3.2";
			developmentRegion = English;
			hasScannedForEncodings = 0;
			knownRegions = (
				en,
				Base,
			);
			mainGroup = 9765C1021F6BFFBB009EC120;
			productRefGroup = 9765C10C1F6BFFBB009EC120 /* Products */;
			projectDirPath = "";
			projectRoot = "";
			targets = (
				9765C10A1F6BFFBB009EC120 /* PersonalityQuiz */,
			);
		};
/* End PBXProject section */

/* Begin PBXResourcesBuildPhase section */
		9765C1091F6BFFBB009EC120 /* Resources */ = {
			isa = PBXResourcesBuildPhase;
			buildActionMask = 2147483647;
			files = (
				9765C1191F6BFFBB009EC120 /* LaunchScreen.storyboard in Resources */,
				9765C1161F6BFFBB009EC120 /* Assets.xcassets in Resources */,
				9765C1141F6BFFBB009EC120 /* Main.storyboard in Resources */,
			);
			runOnlyForDeploymentPostprocessing = 0;
		};
/* End PBXResourcesBuildPhase section */

/* Begin PBXSourcesBuildPhase section */
		9765C1071F6BFFBB009EC120 /* Sources */ = {
			isa = PBXSourcesBuildPhase;
			buildActionMask = 2147483647;
			files = (
				9765C1111F6BFFBB009EC120 /* IntroductionViewController.swift in Sources */,
				9765C10F1F6BFFBB009EC120 /* AppDelegate.swift in Sources */,
				9765C1251F6C0817009EC120 /* QuestionData.swift in Sources */,
				9765C1211F6C04D9009EC120 /* QuestionViewController.swift in Sources */,
				9765C1231F6C04FB009EC120 /* ResultsViewController.swift in Sources */,
				9765C1271F72BD9C009EC120 /* Animal.swift in Sources */,
			);
			runOnlyForDeploymentPostprocessing = 0;
		};
/* End PBXSourcesBuildPhase section */

/* Begin PBXVariantGroup section */
		9765C1121F6BFFBB009EC120 /* Main.storyboard */ = {
			isa = PBXVariantGroup;
			children = (
				9765C1131F6BFFBB009EC120 /* Base */,
			);
			name = Main.storyboard;
			sourceTree = "<group>";
		};
		9765C1171F6BFFBB009EC120 /* LaunchScreen.storyboard */ = {
			isa = PBXVariantGroup;
			children = (
				9765C1181F6BFFBB009EC120 /* Base */,
			);
			name = LaunchScreen.storyboard;
			sourceTree = "<group>";
		};
/* End PBXVariantGroup section */

/* Begin XCBuildConfiguration section */
		9765C11B1F6BFFBB009EC120 /* Debug */ = {
			isa = XCBuildConfiguration;
			buildSettings = {
				ALWAYS_SEARCH_USER_PATHS = NO;
				CLANG_ANALYZER_NONNULL = YES;
				CLANG_ANALYZER_NUMBER_OBJECT_CONVERSION = YES_AGGRESSIVE;
				CLANG_CXX_LANGUAGE_STANDARD = "gnu++0x";
				CLANG_CXX_LIBRARY = "libc++";
				CLANG_ENABLE_MODULES = YES;
				CLANG_ENABLE_OBJC_ARC = YES;
				CLANG_WARN_BLOCK_CAPTURE_AUTORELEASING = YES;
				CLANG_WARN_BOOL_CONVERSION = YES;
				CLANG_WARN_COMMA = YES;
				CLANG_WARN_CONSTANT_CONVERSION = YES;
				CLANG_WARN_DIRECT_OBJC_ISA_USAGE = YES_ERROR;
				CLANG_WARN_DOCUMENTATION_COMMENTS = YES;
				CLANG_WARN_EMPTY_BODY = YES;
				CLANG_WARN_ENUM_CONVERSION = YES;
				CLANG_WARN_INFINITE_RECURSION = YES;
				CLANG_WARN_INT_CONVERSION = YES;
				CLANG_WARN_NON_LITERAL_NULL_CONVERSION = YES;
				CLANG_WARN_OBJC_LITERAL_CONVERSION = YES;
				CLANG_WARN_OBJC_ROOT_CLASS = YES_ERROR;
				CLANG_WARN_RANGE_LOOP_ANALYSIS = YES;
				CLANG_WARN_STRICT_PROTOTYPES = YES;
				CLANG_WARN_SUSPICIOUS_MOVE = YES;
				CLANG_WARN_UNREACHABLE_CODE = YES;
				CLANG_WARN__DUPLICATE_METHOD_MATCH = YES;
				"CODE_SIGN_IDENTITY[sdk=iphoneos*]" = "iPhone Developer";
				COPY_PHASE_STRIP = NO;
				DEBUG_INFORMATION_FORMAT = dwarf;
				ENABLE_STRICT_OBJC_MSGSEND = YES;
				ENABLE_TESTABILITY = YES;
				GCC_C_LANGUAGE_STANDARD = gnu99;
				GCC_DYNAMIC_NO_PIC = NO;
				GCC_NO_COMMON_BLOCKS = YES;
				GCC_OPTIMIZATION_LEVEL = 0;
				GCC_PREPROCESSOR_DEFINITIONS = (
					"DEBUG=1",
					"$(inherited)",
				);
				GCC_WARN_64_TO_32_BIT_CONVERSION = YES;
				GCC_WARN_ABOUT_RETURN_TYPE = YES_ERROR;
				GCC_WARN_UNDECLARED_SELECTOR = YES;
				GCC_WARN_UNINITIALIZED_AUTOS = YES_AGGRESSIVE;
				GCC_WARN_UNUSED_FUNCTION = YES;
				GCC_WARN_UNUSED_VARIABLE = YES;
				IPHONEOS_DEPLOYMENT_TARGET = 10.3;
				MTL_ENABLE_DEBUG_INFO = YES;
				ONLY_ACTIVE_ARCH = YES;
				SDKROOT = iphoneos;
				SWIFT_ACTIVE_COMPILATION_CONDITIONS = DEBUG;
				SWIFT_OPTIMIZATION_LEVEL = "-Onone";
				SWIFT_SWIFT3_OBJC_INFERENCE = Default;
				TARGETED_DEVICE_FAMILY = "1,2";
			};
			name = Debug;
		};
		9765C11C1F6BFFBB009EC120 /* Release */ = {
			isa = XCBuildConfiguration;
			buildSettings = {
				ALWAYS_SEARCH_USER_PATHS = NO;
				CLANG_ANALYZER_NONNULL = YES;
				CLANG_ANALYZER_NUMBER_OBJECT_CONVERSION = YES_AGGRESSIVE;
				CLANG_CXX_LANGUAGE_STANDARD = "gnu++0x";
				CLANG_CXX_LIBRARY = "libc++";
				CLANG_ENABLE_MODULES = YES;
				CLANG_ENABLE_OBJC_ARC = YES;
				CLANG_WARN_BLOCK_CAPTURE_AUTORELEASING = YES;
				CLANG_WARN_BOOL_CONVERSION = YES;
				CLANG_WARN_COMMA = YES;
				CLANG_WARN_CONSTANT_CONVERSION = YES;
				CLANG_WARN_DIRECT_OBJC_ISA_USAGE = YES_ERROR;
				CLANG_WARN_DOCUMENTATION_COMMENTS = YES;
				CLANG_WARN_EMPTY_BODY = YES;
				CLANG_WARN_ENUM_CONVERSION = YES;
				CLANG_WARN_INFINITE_RECURSION = YES;
				CLANG_WARN_INT_CONVERSION = YES;
				CLANG_WARN_NON_LITERAL_NULL_CONVERSION = YES;
				CLANG_WARN_OBJC_LITERAL_CONVERSION = YES;
				CLANG_WARN_OBJC_ROOT_CLASS = YES_ERROR;
				CLANG_WARN_RANGE_LOOP_ANALYSIS = YES;
				CLANG_WARN_STRICT_PROTOTYPES = YES;
				CLANG_WARN_SUSPICIOUS_MOVE = YES;
				CLANG_WARN_UNREACHABLE_CODE = YES;
				CLANG_WARN__DUPLICATE_METHOD_MATCH = YES;
				"CODE_SIGN_IDENTITY[sdk=iphoneos*]" = "iPhone Developer";
				COPY_PHASE_STRIP = NO;
				DEBUG_INFORMATION_FORMAT = "dwarf-with-dsym";
				ENABLE_NS_ASSERTIONS = NO;
				ENABLE_STRICT_OBJC_MSGSEND = YES;
				GCC_C_LANGUAGE_STANDARD = gnu99;
				GCC_NO_COMMON_BLOCKS = YES;
				GCC_WARN_64_TO_32_BIT_CONVERSION = YES;
				GCC_WARN_ABOUT_RETURN_TYPE = YES_ERROR;
				GCC_WARN_UNDECLARED_SELECTOR = YES;
				GCC_WARN_UNINITIALIZED_AUTOS = YES_AGGRESSIVE;
				GCC_WARN_UNUSED_FUNCTION = YES;
				GCC_WARN_UNUSED_VARIABLE = YES;
				IPHONEOS_DEPLOYMENT_TARGET = 10.3;
				MTL_ENABLE_DEBUG_INFO = NO;
				SDKROOT = iphoneos;
				SWIFT_OPTIMIZATION_LEVEL = "-Owholemodule";
				SWIFT_SWIFT3_OBJC_INFERENCE = Default;
				TARGETED_DEVICE_FAMILY = "1,2";
				VALIDATE_PRODUCT = YES;
			};
			name = Release;
		};
		9765C11E1F6BFFBB009EC120 /* Debug */ = {
			isa = XCBuildConfiguration;
			buildSettings = {
				ASSETCATALOG_COMPILER_APPICON_NAME = AppIcon;
				DEVELOPMENT_TEAM = 89MQE5D6ZC;
				INFOPLIST_FILE = PersonalityQuiz/Info.plist;
				LD_RUNPATH_SEARCH_PATHS = "$(inherited) @executable_path/Frameworks";
				PRODUCT_BUNDLE_IDENTIFIER = com.KatrinObendrauf.PersonalityQuiz;
				PRODUCT_NAME = "$(TARGET_NAME)";
				SWIFT_SWIFT3_OBJC_INFERENCE = Default;
				SWIFT_VERSION = 4.0;
				TARGETED_DEVICE_FAMILY = 1;
			};
			name = Debug;
		};
		9765C11F1F6BFFBB009EC120 /* Release */ = {
			isa = XCBuildConfiguration;
			buildSettings = {
				ASSETCATALOG_COMPILER_APPICON_NAME = AppIcon;
				DEVELOPMENT_TEAM = 89MQE5D6ZC;
				INFOPLIST_FILE = PersonalityQuiz/Info.plist;
				LD_RUNPATH_SEARCH_PATHS = "$(inherited) @executable_path/Frameworks";
				PRODUCT_BUNDLE_IDENTIFIER = com.KatrinObendrauf.PersonalityQuiz;
				PRODUCT_NAME = "$(TARGET_NAME)";
				SWIFT_SWIFT3_OBJC_INFERENCE = Default;
				SWIFT_VERSION = 4.0;
				TARGETED_DEVICE_FAMILY = 1;
			};
			name = Release;
		};
/* End XCBuildConfiguration section */

/* Begin XCConfigurationList section */
		9765C1061F6BFFBB009EC120 /* Build configuration list for PBXProject "PersonalityQuiz" */ = {
			isa = XCConfigurationList;
			buildConfigurations = (
				9765C11B1F6BFFBB009EC120 /* Debug */,
				9765C11C1F6BFFBB009EC120 /* Release */,
			);
			defaultConfigurationIsVisible = 0;
			defaultConfigurationName = Release;
		};
		9765C11D1F6BFFBB009EC120 /* Build configuration list for PBXNativeTarget "PersonalityQuiz" */ = {
			isa = XCConfigurationList;
			buildConfigurations = (
				9765C11E1F6BFFBB009EC120 /* Debug */,
				9765C11F1F6BFFBB009EC120 /* Release */,
			);
			defaultConfigurationIsVisible = 0;
			defaultConfigurationName = Release;
		};
/* End XCConfigurationList section */
	};
	rootObject = 9765C1031F6BFFBB009EC120 /* Project object */;
}
